
Microsoft Visual Studio Solution File, Format Version 12.00
# Visual Studio Version 16
VisualStudioVersion = 16.0.30204.135
MinimumVisualStudioVersion = 10.0.40219.1
Project("{FAE04EC0-301F-11D3-BF4B-00C04F79EFBC}") = "PaginacaoAPI", "PaginacaoAPI\PaginacaoAPI.csproj", "{456DC646-9FF6-448E-A2D6-8442914F1699}"
EndProject
Global
	GlobalSection(SolutionConfigurationPlatforms) = preSolution
		Debug|Any CPU = Debug|Any CPU
		Release|Any CPU = Release|Any CPU
	EndGlobalSection
	GlobalSection(ProjectConfigurationPlatforms) = postSolution
		{456DC646-9FF6-448E-A2D6-8442914F1699}.Debug|Any CPU.ActiveCfg = Debug|Any CPU
		{456DC646-9FF6-448E-A2D6-8442914F1699}.Debug|Any CPU.Build.0 = Debug|Any CPU
		{456DC646-9FF6-448E-A2D6-8442914F1699}.Release|Any CPU.ActiveCfg = Release|Any CPU
		{456DC646-9FF6-448E-A2D6-8442914F1699}.Release|Any CPU.Build.0 = Release|Any CPU
	EndGlobalSection
	GlobalSection(SolutionProperties) = preSolution
		HideSolutionNode = FALSE
	EndGlobalSection
	GlobalSection(ExtensibilityGlobals) = postSolution
		SolutionGuid = {57567DB0-00F0-4366-9A35-90A41518EE29}
	EndGlobalSection
EndGlobal
